PODS:
  - background_fetch (0.5.6):
    - Flutter
  - external_app_launcher (0.0.1):
    - Flutter
  - Flutter (1.0.0)
  - flutter_mapbox_navigation (0.0.17):
    - Flutter
    - MapboxNavigation (~> 0.40.0)
  - location (0.0.1):
    - Flutter
  - Mapbox-iOS-SDK (5.9.0):
    - MapboxMobileEvents (= 0.10.2)
  - MapboxAccounts (2.2.0)
  - MapboxCoreNavigation (0.40.0):
    - MapboxAccounts (~> 2.2.0)
    - MapboxDirections (~> 0.31.0)
    - MapboxMobileEvents (~> 0.10.2)
    - MapboxNavigationNative (~> 6.2.1)
    - Turf (~> 0.3.0)
  - MapboxDirections (0.31.1):
    - Polyline (~> 4.2)
    - Turf (~> 0.3.0)
  - MapboxMobileEvents (0.10.2)
  - MapboxNavigation (0.40.0):
    - Mapbox-iOS-SDK (~> 5.6)
    - MapboxCoreNavigation (= 0.40.0)
    - MapboxMobileEvents (~> 0.10.2)
    - MapboxSpeech (~> 0.3.0)
    - Solar (~> 2.1)
  - MapboxNavigationNative (6.2.1)
  - MapboxSpeech (0.3.1)
  - package_info (0.0.1):
    - Flutter
  - path_provider (0.0.1):
    - Flutter
  - Polyline (4.2.1)
  - shared_preferences (0.0.1):
    - Flutter
  - Solar (2.1.0)
  - Turf (0.3.0)
  - url_launcher (0.0.1):
    - Flutter

DEPENDENCIES:
  - background_fetch (from `.symlinks/plugins/background_fetch/ios`)
  - external_app_launcher (from `.symlinks/plugins/external_app_launcher/ios`)
  - Flutter (from `Flutter`)
  - flutter_mapbox_navigation (from `.symlinks/plugins/flutter_mapbox_navigation/ios`)
  - location (from `.symlinks/plugins/location/ios`)
  - package_info (from `.symlinks/plugins/package_info/ios`)
  - path_provider (from `.symlinks/plugins/path_provider/ios`)
  - shared_preferences (from `.symlinks/plugins/shared_preferences/ios`)
  - url_launcher (from `.symlinks/plugins/url_launcher/ios`)

SPEC REPOS:
  trunk:
    - Mapbox-iOS-SDK
    - MapboxAccounts
    - MapboxCoreNavigation
    - MapboxDirections
    - MapboxMobileEvents
    - MapboxNavigation
    - MapboxNavigationNative
    - MapboxSpeech
    - Polyline
    - Solar
    - Turf

EXTERNAL SOURCES:
  background_fetch:
    :path: ".symlinks/plugins/background_fetch/ios"
  external_app_launcher:
    :path: ".symlinks/plugins/external_app_launcher/ios"
  Flutter:
    :path: Flutter
  flutter_mapbox_navigation:
    :path: ".symlinks/plugins/flutter_mapbox_navigation/ios"
  location:
    :path: ".symlinks/plugins/location/ios"
  package_info:
    :path: ".symlinks/plugins/package_info/ios"
  path_provider:
    :path: ".symlinks/plugins/path_provider/ios"
  shared_preferences:
    :path: ".symlinks/plugins/shared_preferences/ios"
  url_launcher:
    :path: ".symlinks/plugins/url_launcher/ios"

SPEC CHECKSUMS:
  background_fetch: 9e1c6c010f2bafe94108358405b7f2a08d6b5ab1
  external_app_launcher: ad55ac844aa21f2d2197d7cec58ff0d0dc40bbc0
  Flutter: 0e3d915762c693b495b44d77113d4970485de6ec
  flutter_mapbox_navigation: a66c99eb5caac2fba63df3284e87c23bbc998362
  location: 3a2eed4dd2fab25e7b7baf2a9efefe82b512d740
  Mapbox-iOS-SDK: a5915700ec84bc1a7f8b3e746d474789e35b7956
  MapboxAccounts: f9716ba2cc66013e44ef93e0e16cfa1049f3aeec
  MapboxCoreNavigation: 2856c46bd064bb11c406ba00191d579cda424efa
  MapboxDirections: 69dca02d780c5e506bdcc65385dd5fb77b9e90b5
  MapboxMobileEvents: 2bc0ca2eedb627b73cf403258dce2b2fa98074a6
  MapboxNavigation: 42bae50b0381dce317c85884ba0de38fc68a4814
  MapboxNavigationNative: 11dc22140f4698d3f26989f2b6379dc81ef0d4c1
  MapboxSpeech: 67a558a672dc2b6266a993f4624895f69e58d105
  package_info: 873975fc26034f0b863a300ad47e7f1ac6c7ec62
  path_provider: abfe2b5c733d04e238b0d8691db0cfd63a27a93c
  Polyline: 0e9890790292741c8186201a536b6bb6a78d02dd
  shared_preferences: af6bfa751691cdc24be3045c43ec037377ada40d
  Solar: 2dc6e7cc39186cb0c8228fa08df76fb50c7d8f24
  Turf: c6bdf62d6a70c647874f295dd1cf4eefc0c3e9e6
  url_launcher: 6fef411d543ceb26efce54b05a0a40bfd74cbbef

PODFILE CHECKSUM: fe0e1ee7f3d1f7d00b11b474b62dd62134535aea

COCOAPODS: 1.9.0
